
Microsoft Visual Studio Solution File, Format Version 12.00
# Visual Studio Version 16
VisualStudioVersion = 16.0.32602.291
MinimumVisualStudioVersion = 10.0.40219.1
Project("{8BC9CEB8-8B4A-11D0-8D11-00A0C91BC942}") = "MTApp", "MTApp\MTApp.vcxproj", "{D2D710EF-5F6B-47CF-984F-FA78ADB91541}"
EndProject
Project("{8BC9CEB8-8B4A-11D0-8D11-00A0C91BC942}") = "zLibHalfEdgeRep", "zLibHalfEdgeRep\zLibHalfEdgeRep.vcxproj", "{5C6896EE-62A3-4CD4-BBD8-4AB48F5E9911}"
EndProject
Project("{8BC9CEB8-8B4A-11D0-8D11-00A0C91BC942}") = "zLibMeshIO", "zLibMeshIO\zLibMeshIO.vcxproj", "{E65F21AD-EBAF-4C22-8F95-1F4C9B43EC3A}"
EndProject
Project("{8BC9CEB8-8B4A-11D0-8D11-00A0C91BC942}") = "zLibSimplificationQuadricError", "zLibSimplificationQuadricError\zLibSimplificationQuadricError.vcxproj", "{533E7620-0D2D-4C99-AF51-413F010D1079}"
EndProject
Global
	GlobalSection(SolutionConfigurationPlatforms) = preSolution
		Debug|x64 = Debug|x64
		Debug|x86 = Debug|x86
		Release|x64 = Release|x64
		Release|x86 = Release|x86
	EndGlobalSection
	GlobalSection(ProjectConfigurationPlatforms) = postSolution
		{D2D710EF-5F6B-47CF-984F-FA78ADB91541}.Debug|x64.ActiveCfg = Debug|x64
		{D2D710EF-5F6B-47CF-984F-FA78ADB91541}.Debug|x64.Build.0 = Debug|x64
		{D2D710EF-5F6B-47CF-984F-FA78ADB91541}.Debug|x86.ActiveCfg = Debug|Win32
		{D2D710EF-5F6B-47CF-984F-FA78ADB91541}.Debug|x86.Build.0 = Debug|Win32
		{D2D710EF-5F6B-47CF-984F-FA78ADB91541}.Release|x64.ActiveCfg = Release|x64
		{D2D710EF-5F6B-47CF-984F-FA78ADB91541}.Release|x64.Build.0 = Release|x64
		{D2D710EF-5F6B-47CF-984F-FA78ADB91541}.Release|x86.ActiveCfg = Release|Win32
		{D2D710EF-5F6B-47CF-984F-FA78ADB91541}.Release|x86.Build.0 = Release|Win32
		{5C6896EE-62A3-4CD4-BBD8-4AB48F5E9911}.Debug|x64.ActiveCfg = Debug|x64
		{5C6896EE-62A3-4CD4-BBD8-4AB48F5E9911}.Debug|x64.Build.0 = Debug|x64
		{5C6896EE-62A3-4CD4-BBD8-4AB48F5E9911}.Debug|x86.ActiveCfg = Debug|Win32
		{5C6896EE-62A3-4CD4-BBD8-4AB48F5E9911}.Debug|x86.Build.0 = Debug|Win32
		{5C6896EE-62A3-4CD4-BBD8-4AB48F5E9911}.Release|x64.ActiveCfg = Release|x64
		{5C6896EE-62A3-4CD4-BBD8-4AB48F5E9911}.Release|x64.Build.0 = Release|x64
		{5C6896EE-62A3-4CD4-BBD8-4AB48F5E9911}.Release|x86.ActiveCfg = Release|Win32
		{5C6896EE-62A3-4CD4-BBD8-4AB48F5E9911}.Release|x86.Build.0 = Release|Win32
		{E65F21AD-EBAF-4C22-8F95-1F4C9B43EC3A}.Debug|x64.ActiveCfg = Debug|x64
		{E65F21AD-EBAF-4C22-8F95-1F4C9B43EC3A}.Debug|x64.Build.0 = Debug|x64
		{E65F21AD-EBAF-4C22-8F95-1F4C9B43EC3A}.Debug|x86.ActiveCfg = Debug|Win32
		{E65F21AD-EBAF-4C22-8F95-1F4C9B43EC3A}.Debug|x86.Build.0 = Debug|Win32
		{E65F21AD-EBAF-4C22-8F95-1F4C9B43EC3A}.Release|x64.ActiveCfg = Release|x64
		{E65F21AD-EBAF-4C22-8F95-1F4C9B43EC3A}.Release|x64.Build.0 = Release|x64
		{E65F21AD-EBAF-4C22-8F95-1F4C9B43EC3A}.Release|x86.ActiveCfg = Release|Win32
		{E65F21AD-EBAF-4C22-8F95-1F4C9B43EC3A}.Release|x86.Build.0 = Release|Win32
		{533E7620-0D2D-4C99-AF51-413F010D1079}.Debug|x64.ActiveCfg = Debug|x64
		{533E7620-0D2D-4C99-AF51-413F010D1079}.Debug|x64.Build.0 = Debug|x64
		{533E7620-0D2D-4C99-AF51-413F010D1079}.Debug|x86.ActiveCfg = Debug|Win32
		{533E7620-0D2D-4C99-AF51-413F010D1079}.Debug|x86.Build.0 = Debug|Win32
		{533E7620-0D2D-4C99-AF51-413F010D1079}.Release|x64.ActiveCfg = Release|x64
		{533E7620-0D2D-4C99-AF51-413F010D1079}.Release|x64.Build.0 = Release|x64
		{533E7620-0D2D-4C99-AF51-413F010D1079}.Release|x86.ActiveCfg = Release|Win32
		{533E7620-0D2D-4C99-AF51-413F010D1079}.Release|x86.Build.0 = Release|Win32
	EndGlobalSection
	GlobalSection(SolutionProperties) = preSolution
		HideSolutionNode = FALSE
	EndGlobalSection
	GlobalSection(ExtensibilityGlobals) = postSolution
		SolutionGuid = {4762E52E-2BE6-4681-B468-44DEFBE456F5}
	EndGlobalSection
EndGlobal
